
Microsoft Visual Studio Solution File, Format Version 12.00
# Visual Studio 15
VisualStudioVersion = 15.0.26730.3
MinimumVisualStudioVersion = 10.0.40219.1
Project("{FAE04EC0-301F-11D3-BF4B-00C04F79EFBC}") = "KUBOnlinePRPM", "KUBOnlinePRPM\KUBOnlinePRPM.csproj", "{F40112A9-0711-4049-8CD2-1F6E789942F4}"
EndProject
Project("{FAE04EC0-301F-11D3-BF4B-00C04F79EFBC}") = "KUBOnlinePRPM.Tests", "KUBOnlinePRPM.Tests\KUBOnlinePRPM.Tests.csproj", "{20AE794B-7923-488B-9674-A69C3989231B}"
EndProject
Global
	GlobalSection(SolutionConfigurationPlatforms) = preSolution
		Debug|Any CPU = Debug|Any CPU
		Release|Any CPU = Release|Any CPU
	EndGlobalSection
	GlobalSection(ProjectConfigurationPlatforms) = postSolution
		{F40112A9-0711-4049-8CD2-1F6E789942F4}.Debug|Any CPU.ActiveCfg = Debug|Any CPU
		{F40112A9-0711-4049-8CD2-1F6E789942F4}.Debug|Any CPU.Build.0 = Debug|Any CPU
		{F40112A9-0711-4049-8CD2-1F6E789942F4}.Release|Any CPU.ActiveCfg = Release|Any CPU
		{F40112A9-0711-4049-8CD2-1F6E789942F4}.Release|Any CPU.Build.0 = Release|Any CPU
		{20AE794B-7923-488B-9674-A69C3989231B}.Debug|Any CPU.ActiveCfg = Debug|Any CPU
		{20AE794B-7923-488B-9674-A69C3989231B}.Debug|Any CPU.Build.0 = Debug|Any CPU
		{20AE794B-7923-488B-9674-A69C3989231B}.Release|Any CPU.ActiveCfg = Release|Any CPU
		{20AE794B-7923-488B-9674-A69C3989231B}.Release|Any CPU.Build.0 = Release|Any CPU
	EndGlobalSection
	GlobalSection(SolutionProperties) = preSolution
		HideSolutionNode = FALSE
	EndGlobalSection
	GlobalSection(ExtensibilityGlobals) = postSolution
		SolutionGuid = {4FF91B71-0F9A-4641-9AD7-A2671F2B775B}
	EndGlobalSection
EndGlobal
